
Microsoft Visual Studio Solution File, Format Version 12.00
# Visual Studio Version 16
VisualStudioVersion = 16.0.35130.168
MinimumVisualStudioVersion = 10.0.40219.1
Project("{FAE04EC0-301F-11D3-BF4B-00C04F79EFBC}") = "WebApplication20", "WebApplication20\WebApplication20.csproj", "{D43E132B-8DDA-4306-A931-036634D7ED82}"
EndProject
Global
	GlobalSection(SolutionConfigurationPlatforms) = preSolution
		Debug|Any CPU = Debug|Any CPU
		Release|Any CPU = Release|Any CPU
	EndGlobalSection
	GlobalSection(ProjectConfigurationPlatforms) = postSolution
		{D43E132B-8DDA-4306-A931-036634D7ED82}.Debug|Any CPU.ActiveCfg = Debug|Any CPU
		{D43E132B-8DDA-4306-A931-036634D7ED82}.Debug|Any CPU.Build.0 = Debug|Any CPU
		{D43E132B-8DDA-4306-A931-036634D7ED82}.Release|Any CPU.ActiveCfg = Release|Any CPU
		{D43E132B-8DDA-4306-A931-036634D7ED82}.Release|Any CPU.Build.0 = Release|Any CPU
	EndGlobalSection
	GlobalSection(SolutionProperties) = preSolution
		HideSolutionNode = FALSE
	EndGlobalSection
	GlobalSection(ExtensibilityGlobals) = postSolution
		SolutionGuid = {D3F1C51F-6E99-42CD-B31E-2FD155345E7C}
	EndGlobalSection
EndGlobal
